{
    "name": "node-red-project",
    "version": "0.0.1",
    "lockfileVersion": 1,
    "requires": true,
    "dependencies": {
        "array-flatten": {
            "version": "2.1.1",
            "resolved": "https://registry.npmjs.org/array-flatten/-/array-flatten-2.1.1.tgz",
            "integrity": "sha1-Qmu52oQJDBg42BLIFQryCoMx4pY="
        },
        "ascli": {
            "version": "0.3.0",
            "resolved": "https://registry.npmjs.org/ascli/-/ascli-0.3.0.tgz",
            "integrity": "sha1-XmYjDlIZ/j6JUqTvtPIPrllqgTo=",
            "requires": {
                "colour": "^0.7.1",
                "optjs": "^3.2.2"
            }
        },
        "bluebird": {
            "version": "3.5.1",
            "resolved": "https://registry.npmjs.org/bluebird/-/bluebird-3.5.1.tgz",
            "integrity": "sha512-MKiLiV+I1AA596t9w1sQJ8jkiSr5+ZKi0WKrYGUn6d1Fx+Ij4tIj+m2WMQSGczs5jZVxV339chE8iwk6F64wjA=="
        },
        "bonjour": {
            "version": "3.5.0",
            "resolved": "https://registry.npmjs.org/bonjour/-/bonjour-3.5.0.tgz",
            "integrity": "sha1-jokKGD2O6aI5OzhExpGkK897yfU=",
            "requires": {
                "array-flatten": "^2.1.0",
                "deep-equal": "^1.0.1",
                "dns-equal": "^1.0.0",
                "dns-txt": "^2.0.2",
                "multicast-dns": "^6.0.1",
                "multicast-dns-service-types": "^1.1.0"
            }
        },
        "buffer-indexof": {
            "version": "1.1.1",
            "resolved": "https://registry.npmjs.org/buffer-indexof/-/buffer-indexof-1.1.1.tgz",
            "integrity": "sha512-4/rOEg86jivtPTeOUUT61jJO1Ya1TrR/OkqCSZDyq84WJh3LuuiphBYJN+fm5xufIk4XAFcEwte/8WzC8If/1g=="
        },
        "bufferview": {
            "version": "1.0.1",
            "resolved": "https://registry.npmjs.org/bufferview/-/bufferview-1.0.1.tgz",
            "integrity": "sha1-ev10pF+Tf6QiodM4wIu/3HbNcl0="
        },
        "bytebuffer": {
            "version": "3.5.5",
            "resolved": "https://registry.npmjs.org/bytebuffer/-/bytebuffer-3.5.5.tgz",
            "integrity": "sha1-em+vGhNRSwg/H8+VQcTJv75+f9M=",
            "requires": {
                "bufferview": "~1",
                "long": "~2 >=2.2.3"
            }
        },
        "castv2": {
            "version": "0.1.9",
            "resolved": "https://registry.npmjs.org/castv2/-/castv2-0.1.9.tgz",
            "integrity": "sha1-0LD6sf0GsNnMpjaIZxbsEpOlkFo=",
            "requires": {
                "debug": "^2.2.0",
                "protobufjs": "^3.2.2"
            }
        },
        "castv2-client": {
            "version": "1.2.0",
            "resolved": "https://registry.npmjs.org/castv2-client/-/castv2-client-1.2.0.tgz",
            "integrity": "sha1-qRk7GlRIuMuaBBW9AhyIEe17BUQ=",
            "requires": {
                "castv2": "~0.1.4",
                "debug": "^2.2.0"
            }
        },
        "colour": {
            "version": "0.7.1",
            "resolved": "https://registry.npmjs.org/colour/-/colour-0.7.1.tgz",
            "integrity": "sha1-nLFpkX7F0SwHNtPoaFdG3xyt93g="
        },
        "debug": {
            "version": "2.6.9",
            "resolved": "https://registry.npmjs.org/debug/-/debug-2.6.9.tgz",
            "integrity": "sha512-bC7ElrdJaJnPbAP+1EotYvqZsb3ecl5wi6Bfi6BJTUcNowp6cvspg0jXznRTKDjm/E7AdgFBVeAPVMNcKGsHMA==",
            "requires": {
                "ms": "2.0.0"
            }
        },
        "deep-equal": {
            "version": "1.0.1",
            "resolved": "https://registry.npmjs.org/deep-equal/-/deep-equal-1.0.1.tgz",
            "integrity": "sha1-9dJgKStmDghO/0zbyfCK0yR0SLU="
        },
        "dns-equal": {
            "version": "1.0.0",
            "resolved": "https://registry.npmjs.org/dns-equal/-/dns-equal-1.0.0.tgz",
            "integrity": "sha1-s55/HabrCnW6nBcySzR1PEfgZU0="
        },
        "dns-packet": {
            "version": "1.3.1",
            "resolved": "https://registry.npmjs.org/dns-packet/-/dns-packet-1.3.1.tgz",
            "integrity": "sha512-0UxfQkMhYAUaZI+xrNZOz/as5KgDU0M/fQ9b6SpkyLbk3GEswDi6PADJVaYJradtRVsRIlF1zLyOodbcTCDzUg==",
            "requires": {
                "ip": "^1.1.0",
                "safe-buffer": "^5.0.1"
            }
        },
        "dns-txt": {
            "version": "2.0.2",
            "resolved": "https://registry.npmjs.org/dns-txt/-/dns-txt-2.0.2.tgz",
            "integrity": "sha1-uR2Ab10nGI5Ks+fRB9iBocxGQrY=",
            "requires": {
                "buffer-indexof": "^1.0.0"
            }
        },
        "encoding": {
            "version": "0.1.12",
            "resolved": "https://registry.npmjs.org/encoding/-/encoding-0.1.12.tgz",
            "integrity": "sha1-U4tm8+5izRq1HsMjgp0flIDHS+s=",
            "requires": {
                "iconv-lite": "~0.4.13"
            }
        },
        "google-home-notifier-volume-adjustable": {
            "version": "0.0.8",
            "resolved": "https://registry.npmjs.org/google-home-notifier-volume-adjustable/-/google-home-notifier-volume-adjustable-0.0.8.tgz",
            "integrity": "sha512-zOtmCegFEdlJimcwoEZtIlinp4/Dy/8LGE/HdXut72AMm2OPuESg3LQBeBwxeVAorBEcoDvu9oJ8fN15hD3ltA==",
            "requires": {
                "bluebird": "3.5.1",
                "castv2-client": "^1.2.0",
                "google-tts-api": "^0.0.3"
            }
        },
        "google-tts-api": {
            "version": "0.0.3",
            "resolved": "https://registry.npmjs.org/google-tts-api/-/google-tts-api-0.0.3.tgz",
            "integrity": "sha512-bOEOAjQalxKrRLottV7dwf7KgCVYuZ8gChir1EABYD0EtquwiHb8gnRLWuNAmA30a+UPBD/x26uW935s9jFaJg==",
            "requires": {
                "isomorphic-fetch": "^2.2.1"
            }
        },
        "iconv-lite": {
            "version": "0.4.24",
            "resolved": "https://registry.npmjs.org/iconv-lite/-/iconv-lite-0.4.24.tgz",
            "integrity": "sha512-v3MXnZAcvnywkTUEZomIActle7RXXeedOR31wwl7VlyoXO4Qi9arvSenNQWne1TcRwhCL1HwLI21bEqdpj8/rA==",
            "requires": {
                "safer-buffer": ">= 2.1.2 < 3"
            }
        },
        "ip": {
            "version": "1.1.5",
            "resolved": "https://registry.npmjs.org/ip/-/ip-1.1.5.tgz",
            "integrity": "sha1-vd7XARQpCCjAoDnnLvJfWq7ENUo="
        },
        "is-stream": {
            "version": "1.1.0",
            "resolved": "https://registry.npmjs.org/is-stream/-/is-stream-1.1.0.tgz",
            "integrity": "sha1-EtSj3U5o4Lec6428hBc66A2RykQ="
        },
        "isomorphic-fetch": {
            "version": "2.2.1",
            "resolved": "https://registry.npmjs.org/isomorphic-fetch/-/isomorphic-fetch-2.2.1.tgz",
            "integrity": "sha1-YRrhrPFPXoH3KVB0coGf6XM1WKk=",
            "requires": {
                "node-fetch": "^1.0.1",
                "whatwg-fetch": ">=0.10.0"
            }
        },
        "lodash": {
            "version": "4.17.11",
            "resolved": "https://registry.npmjs.org/lodash/-/lodash-4.17.11.tgz",
            "integrity": "sha512-cQKh8igo5QUhZ7lg38DYWAxMvjSAKG0A8wGSVimP07SIUEK2UO+arSRKbRZWtelMtN5V0Hkwh5ryOto/SshYIg=="
        },
        "long": {
            "version": "2.4.0",
            "resolved": "https://registry.npmjs.org/long/-/long-2.4.0.tgz",
            "integrity": "sha1-n6GAux2VAM3CnEFWdmoZleH0Uk8="
        },
        "moment": {
            "version": "2.22.2",
            "resolved": "https://registry.npmjs.org/moment/-/moment-2.22.2.tgz",
            "integrity": "sha1-PCV/mDn8DpP/UxSWMiOeuQeD/2Y="
        },
        "ms": {
            "version": "2.0.0",
            "resolved": "https://registry.npmjs.org/ms/-/ms-2.0.0.tgz",
            "integrity": "sha1-VgiurfwAvmwpAd9fmGF4jeDVl8g="
        },
        "multicast-dns": {
            "version": "6.2.3",
            "resolved": "https://registry.npmjs.org/multicast-dns/-/multicast-dns-6.2.3.tgz",
            "integrity": "sha512-ji6J5enbMyGRHIAkAOu3WdV8nggqviKCEKtXcOqfphZZtQrmHKycfynJ2V7eVPUA4NhJ6V7Wf4TmGbTwKE9B6g==",
            "requires": {
                "dns-packet": "^1.3.1",
                "thunky": "^1.0.2"
            }
        },
        "multicast-dns-service-types": {
            "version": "1.1.0",
            "resolved": "https://registry.npmjs.org/multicast-dns-service-types/-/multicast-dns-service-types-1.1.0.tgz",
            "integrity": "sha1-iZ8R2WhuXgXLkbNdXw5jt3PPyQE="
        },
        "node-fetch": {
            "version": "1.7.3",
            "resolved": "https://registry.npmjs.org/node-fetch/-/node-fetch-1.7.3.tgz",
            "integrity": "sha512-NhZ4CsKx7cYm2vSrBAr2PvFOe6sWDf0UYLRqA6svUYg7+/TSfVAu49jYC4BvQ4Sms9SZgdqGBgroqfDhJdTyKQ==",
            "requires": {
                "encoding": "^0.1.11",
                "is-stream": "^1.0.1"
            }
        },
        "node-red-configurable-ping": {
            "version": "1.0.1",
            "resolved": "https://registry.npmjs.org/node-red-configurable-ping/-/node-red-configurable-ping-1.0.1.tgz",
            "integrity": "sha1-68bwFfdUkvx8CwvNi2qaJpo+sGA="
        },
        "node-red-contrib-advanced-ping": {
            "version": "1.2.0",
            "resolved": "https://registry.npmjs.org/node-red-contrib-advanced-ping/-/node-red-contrib-advanced-ping-1.2.0.tgz",
            "integrity": "sha1-samFXI/MVe54U6kbYBtBNS542H4="
        },
        "node-red-contrib-blindcontroller": {
            "version": "4.6.0",
            "resolved": "https://registry.npmjs.org/node-red-contrib-blindcontroller/-/node-red-contrib-blindcontroller-4.6.0.tgz",
            "integrity": "sha512-3ccTVOm1E4ot8oM2WC1takA/hfcAl5202Yh+2VlxGGkUngibjH2OdFvZD0HV1wi/2h4IRSQNfvt+NM7eASZB1Q=="
        },
        "node-red-contrib-google-home-notify-volume-adjustable": {
            "version": "0.0.10",
            "resolved": "https://registry.npmjs.org/node-red-contrib-google-home-notify-volume-adjustable/-/node-red-contrib-google-home-notify-volume-adjustable-0.0.10.tgz",
            "integrity": "sha512-eBfPi/gCa4DxmB1bl20FYCfRSDIQZAJBudAYWjjGVqOC5TpDwVxO4xSGa1ksXlS28l96ikfsiePmFrEv+iPQRg==",
            "requires": {
                "bonjour": "^3.5.0",
                "google-home-notifier-volume-adjustable": "^0.0.8"
            }
        },
        "node-red-contrib-google-tts": {
            "version": "1.1.0",
            "resolved": "https://registry.npmjs.org/node-red-contrib-google-tts/-/node-red-contrib-google-tts-1.1.0.tgz",
            "integrity": "sha512-IulzyTvyw4pFkEbnNzOom8yh5rlzydLLa+5P1Zg8XlZFeiMiSGfy7tUa4OYEjPnFHiS67J0iwyIrgJgI4fB8cg==",
            "requires": {
                "isomorphic-fetch": "2.2.*"
            }
        },
        "node-red-contrib-schedex": {
            "version": "1.2.1",
            "resolved": "https://registry.npmjs.org/node-red-contrib-schedex/-/node-red-contrib-schedex-1.2.1.tgz",
            "integrity": "sha512-u6ym8PVMHO/3pOWXwEIwOkxWNdaF8nn1prGMouqQNHIPTXB03o4tlLHrL24pm3dG6TFJkjDnSFmmbL2wB9kUhQ==",
            "requires": {
                "lodash": "^4.17.10",
                "moment": "^2.22.1",
                "suncalc": "^1.8.0"
            }
        },
        "node-red-contrib-summariser": {
            "version": "0.0.9",
            "resolved": "https://registry.npmjs.org/node-red-contrib-summariser/-/node-red-contrib-summariser-0.0.9.tgz",
            "integrity": "sha1-QsAY/cRrXT4jZiSqCbUWJu5YOEY=",
            "requires": {
                "lodash": "^4.17.4"
            }
        },
        "node-red-contrib-sunpos": {
            "version": "1.4.0",
            "resolved": "https://registry.npmjs.org/node-red-contrib-sunpos/-/node-red-contrib-sunpos-1.4.0.tgz",
            "integrity": "sha1-aBalzyx3BW3AzHxWysts0UBcMqU=",
            "requires": {
                "suncalc": "1.8.*"
            }
        },
        "node-red-contrib-wait-paths": {
            "version": "0.2.12",
            "resolved": "https://registry.npmjs.org/node-red-contrib-wait-paths/-/node-red-contrib-wait-paths-0.2.12.tgz",
            "integrity": "sha512-PVIC7E6EYhpq1dhwpyWhWirEQVGXNhBkPxdbImZvvVGMYx6d+A2JMY0E/cFKLzyBqL2R3C5+pjxKyWuzh4CkdQ=="
        },
        "node-red-contrib-weekday": {
            "version": "0.1.0",
            "resolved": "https://registry.npmjs.org/node-red-contrib-weekday/-/node-red-contrib-weekday-0.1.0.tgz",
            "integrity": "sha512-nNyIsVSxelUWhoUDKKMpaCwJLMNg2oNg2ZO0aluykTFMU6h+zr7dj8KQzv2CaUiJMu/9TnzUmbkQwofstWnTgg=="
        },
        "node-red-node-darksky": {
            "version": "0.1.17",
            "resolved": "https://registry.npmjs.org/node-red-node-darksky/-/node-red-node-darksky-0.1.17.tgz",
            "integrity": "sha512-y8JtaM06ftqqN/nbAJ+SUo4NoItXtwPeIF9BCYVqfVvmnbXUfdC/th5jsqteoy2SkqeKtdZSNi04kv8GJEizHA=="
        },
        "node-red-node-forecastio": {
            "version": "0.1.13",
            "resolved": "https://registry.npmjs.org/node-red-node-forecastio/-/node-red-node-forecastio-0.1.13.tgz",
            "integrity": "sha512-RflYFu8pllW/nQwLXLq0PyBNi9GgBOgwS5OsGrgxeFXJ9k9S1AuSvynF4ZO4nqGbQQ+KAn33HAHTGKzuFFjKTQ=="
        },
        "optjs": {
            "version": "3.2.2",
            "resolved": "https://registry.npmjs.org/optjs/-/optjs-3.2.2.tgz",
            "integrity": "sha1-aabOicRCpEQDFBrS+bNwvVu29O4="
        },
        "protobufjs": {
            "version": "3.8.2",
            "resolved": "https://registry.npmjs.org/protobufjs/-/protobufjs-3.8.2.tgz",
            "integrity": "sha1-vIJuNMOvRpfo0K96Zp5NYSrtzRc=",
            "requires": {
                "ascli": "~0.3",
                "bytebuffer": "~3 >=3.5"
            }
        },
        "safe-buffer": {
            "version": "5.1.2",
            "resolved": "https://registry.npmjs.org/safe-buffer/-/safe-buffer-5.1.2.tgz",
            "integrity": "sha512-Gd2UZBJDkXlY7GbJxfsE8/nvKkUEU1G38c1siN6QP6a9PT9MmHB8GnpscSmMJSoF8LOIrt8ud/wPtojys4G6+g=="
        },
        "safer-buffer": {
            "version": "2.1.2",
            "resolved": "https://registry.npmjs.org/safer-buffer/-/safer-buffer-2.1.2.tgz",
            "integrity": "sha512-YZo3K82SD7Riyi0E1EQPojLz7kpepnSQI9IyPbHHg1XXXevb5dJI7tpyN2ADxGcQbHG7vcyRHk0cbwqcQriUtg=="
        },
        "suncalc": {
            "version": "1.8.0",
            "resolved": "https://registry.npmjs.org/suncalc/-/suncalc-1.8.0.tgz",
            "integrity": "sha1-HZiYEJVjB4dQ9JlKlZ5lTYdqy/U="
        },
        "thunky": {
            "version": "1.0.3",
            "resolved": "https://registry.npmjs.org/thunky/-/thunky-1.0.3.tgz",
            "integrity": "sha512-YwT8pjmNcAXBZqrubu22P4FYsh2D4dxRmnWBOL8Jk8bUcRUtc5326kx32tuTmFDAZtLOGEVNl8POAR8j896Iow=="
        },
        "whatwg-fetch": {
            "version": "3.0.0",
            "resolved": "https://registry.npmjs.org/whatwg-fetch/-/whatwg-fetch-3.0.0.tgz",
            "integrity": "sha512-9GSJUgz1D4MfyKU7KRqwOjXCXTqWdFNvEr7eUBYchQiVc744mqK/MzXPNR2WsPkmkOa4ywfg8C2n8h+13Bey1Q=="
        }
    }
}
